
Microsoft Visual Studio Solution File, Format Version 12.00
# Visual Studio Version 17
VisualStudioVersion = 17.2.32630.192
MinimumVisualStudioVersion = 10.0.40219.1
Project("{FAE04EC0-301F-11D3-BF4B-00C04F79EFBC}") = "MinimalRobloxLauncher", "MinimalRobloxLauncher\MinimalRobloxLauncher.csproj", "{2A6370F6-5983-46B5-AC96-E1B766777062}"
EndProject
Global
	GlobalSection(SolutionConfigurationPlatforms) = preSolution
		Debug|Any CPU = Debug|Any CPU
		Release|Any CPU = Release|Any CPU
	EndGlobalSection
	GlobalSection(ProjectConfigurationPlatforms) = postSolution
		{2A6370F6-5983-46B5-AC96-E1B766777062}.Debug|Any CPU.ActiveCfg = Debug|Any CPU
		{2A6370F6-5983-46B5-AC96-E1B766777062}.Debug|Any CPU.Build.0 = Debug|Any CPU
		{2A6370F6-5983-46B5-AC96-E1B766777062}.Release|Any CPU.ActiveCfg = Release|Any CPU
		{2A6370F6-5983-46B5-AC96-E1B766777062}.Release|Any CPU.Build.0 = Release|Any CPU
	EndGlobalSection
	GlobalSection(SolutionProperties) = preSolution
		HideSolutionNode = FALSE
	EndGlobalSection
	GlobalSection(ExtensibilityGlobals) = postSolution
		SolutionGuid = {CEA33082-6317-4752-9DBD-E7DE5298FE01}
	EndGlobalSection
EndGlobal
